// !$*UTF8*$!
{
	archiveVersion = 1;
	classes = {
	};
	objectVersion = 55;
	objects = {

/* Begin PBXBuildFile section */
		9E87A37828BBB0A200F3F478 /* AppDelegate.swift in Sources */ = {isa = PBXBuildFile; fileRef = 9E87A37728BBB0A200F3F478 /* AppDelegate.swift */; };
		9E87A37A28BBB0A200F3F478 /* SceneDelegate.swift in Sources */ = {isa = PBXBuildFile; fileRef = 9E87A37928BBB0A200F3F478 /* SceneDelegate.swift */; };
		9E87A37C28BBB0A200F3F478 /* GreetingViewController.swift in Sources */ = {isa = PBXBuildFile; fileRef = 9E87A37B28BBB0A200F3F478 /* GreetingViewController.swift */; };
		9E87A37F28BBB0A200F3F478 /* Main.storyboard in Resources */ = {isa = PBXBuildFile; fileRef = 9E87A37D28BBB0A200F3F478 /* Main.storyboard */; };
		9E87A38428BBB0A300F3F478 /* LaunchScreen.storyboard in Resources */ = {isa = PBXBuildFile; fileRef = 9E87A38228BBB0A300F3F478 /* LaunchScreen.storyboard */; };
		9E87A38D28BBB0E700F3F478 /* Recipe.swift in Sources */ = {isa = PBXBuildFile; fileRef = 9E87A38C28BBB0E700F3F478 /* Recipe.swift */; };
		9E87A39128BBB1CB00F3F478 /* Data Manager.swift in Sources */ = {isa = PBXBuildFile; fileRef = 9E87A39028BBB1CB00F3F478 /* Data Manager.swift */; };
		9E87A39528BBB61F00F3F478 /* Assets.xcassets in Resources */ = {isa = PBXBuildFile; fileRef = 9E87A38028BBB0A300F3F478 /* Assets.xcassets */; };
		9E87A39728BBC08300F3F478 /* OrelegaOne-Regular.ttf in Resources */ = {isa = PBXBuildFile; fileRef = 9E87A39628BBC08300F3F478 /* OrelegaOne-Regular.ttf */; };
		9E87A39B28BBD97200F3F478 /* AuthorViewController.swift in Sources */ = {isa = PBXBuildFile; fileRef = 9E87A39A28BBD97200F3F478 /* AuthorViewController.swift */; };
		9E87A39D28BBD9B500F3F478 /* TabBarViewController.swift in Sources */ = {isa = PBXBuildFile; fileRef = 9E87A39C28BBD9B500F3F478 /* TabBarViewController.swift */; };
		9E87A3A128BBDA4900F3F478 /* CategoriesTableViewController.swift in Sources */ = {isa = PBXBuildFile; fileRef = 9E87A3A028BBDA4900F3F478 /* CategoriesTableViewController.swift */; };
		9E87A3A328BBDA8600F3F478 /* RecipesTableViewController.swift in Sources */ = {isa = PBXBuildFile; fileRef = 9E87A3A228BBDA8600F3F478 /* RecipesTableViewController.swift */; };
		9E87A3A528BBE35F00F3F478 /* RecipeViewController.swift in Sources */ = {isa = PBXBuildFile; fileRef = 9E87A3A428BBE35F00F3F478 /* RecipeViewController.swift */; };
		9E87A3A728BC973600F3F478 /* Author.swift in Sources */ = {isa = PBXBuildFile; fileRef = 9E87A3A628BC973600F3F478 /* Author.swift */; };
		9E87A3A928BC993900F3F478 /* K.swift in Sources */ = {isa = PBXBuildFile; fileRef = 9E87A3A828BC993900F3F478 /* K.swift */; };
/* End PBXBuildFile section */

/* Begin PBXFileReference section */
		9E87A37428BBB0A200F3F478 /* Recipest.app */ = {isa = PBXFileReference; explicitFileType = wrapper.application; includeInIndex = 0; path = Recipest.app; sourceTree = BUILT_PRODUCTS_DIR; };
		9E87A37728BBB0A200F3F478 /* AppDelegate.swift */ = {isa = PBXFileReference; lastKnownFileType = sourcecode.swift; path = AppDelegate.swift; sourceTree = "<group>"; };
		9E87A37928BBB0A200F3F478 /* SceneDelegate.swift */ = {isa = PBXFileReference; lastKnownFileType = sourcecode.swift; path = SceneDelegate.swift; sourceTree = "<group>"; };
		9E87A37B28BBB0A200F3F478 /* GreetingViewController.swift */ = {isa = PBXFileReference; lastKnownFileType = sourcecode.swift; path = GreetingViewController.swift; sourceTree = "<group>"; };
		9E87A37E28BBB0A200F3F478 /* Base */ = {isa = PBXFileReference; lastKnownFileType = file.storyboard; name = Base; path = Base.lproj/Main.storyboard; sourceTree = "<group>"; };
		9E87A38028BBB0A300F3F478 /* Assets.xcassets */ = {isa = PBXFileReference; lastKnownFileType = folder.assetcatalog; path = Assets.xcassets; sourceTree = "<group>"; };
		9E87A38328BBB0A300F3F478 /* Base */ = {isa = PBXFileReference; lastKnownFileType = file.storyboard; name = Base; path = Base.lproj/LaunchScreen.storyboard; sourceTree = "<group>"; };
		9E87A38528BBB0A300F3F478 /* Info.plist */ = {isa = PBXFileReference; lastKnownFileType = text.plist.xml; path = Info.plist; sourceTree = "<group>"; };
		9E87A38C28BBB0E700F3F478 /* Recipe.swift */ = {isa = PBXFileReference; lastKnownFileType = sourcecode.swift; path = Recipe.swift; sourceTree = "<group>"; };
		9E87A39028BBB1CB00F3F478 /* Data Manager.swift */ = {isa = PBXFileReference; lastKnownFileType = sourcecode.swift; path = "Data Manager.swift"; sourceTree = "<group>"; };
		9E87A39628BBC08300F3F478 /* OrelegaOne-Regular.ttf */ = {isa = PBXFileReference; lastKnownFileType = file; path = "OrelegaOne-Regular.ttf"; sourceTree = "<group>"; };
		9E87A39A28BBD97200F3F478 /* AuthorViewController.swift */ = {isa = PBXFileReference; lastKnownFileType = sourcecode.swift; path = AuthorViewController.swift; sourceTree = "<group>"; };
		9E87A39C28BBD9B500F3F478 /* TabBarViewController.swift */ = {isa = PBXFileReference; lastKnownFileType = sourcecode.swift; path = TabBarViewController.swift; sourceTree = "<group>"; };
		9E87A3A028BBDA4900F3F478 /* CategoriesTableViewController.swift */ = {isa = PBXFileReference; lastKnownFileType = sourcecode.swift; path = CategoriesTableViewController.swift; sourceTree = "<group>"; };
		9E87A3A228BBDA8600F3F478 /* RecipesTableViewController.swift */ = {isa = PBXFileReference; lastKnownFileType = sourcecode.swift; path = RecipesTableViewController.swift; sourceTree = "<group>"; };
		9E87A3A428BBE35F00F3F478 /* RecipeViewController.swift */ = {isa = PBXFileReference; lastKnownFileType = sourcecode.swift; path = RecipeViewController.swift; sourceTree = "<group>"; };
		9E87A3A628BC973600F3F478 /* Author.swift */ = {isa = PBXFileReference; lastKnownFileType = sourcecode.swift; path = Author.swift; sourceTree = "<group>"; };
		9E87A3A828BC993900F3F478 /* K.swift */ = {isa = PBXFileReference; lastKnownFileType = sourcecode.swift; path = K.swift; sourceTree = "<group>"; };
/* End PBXFileReference section */

/* Begin PBXFrameworksBuildPhase section */
		9E87A37128BBB0A200F3F478 /* Frameworks */ = {
			isa = PBXFrameworksBuildPhase;
			buildActionMask = 2147483647;
			files = (
			);
			runOnlyForDeploymentPostprocessing = 0;
		};
/* End PBXFrameworksBuildPhase section */

/* Begin PBXGroup section */
		9E87A36B28BBB0A100F3F478 = {
			isa = PBXGroup;
			children = (
				9E87A37628BBB0A200F3F478 /* Recipest */,
				9E87A37528BBB0A200F3F478 /* Products */,
			);
			sourceTree = "<group>";
		};
		9E87A37528BBB0A200F3F478 /* Products */ = {
			isa = PBXGroup;
			children = (
				9E87A37428BBB0A200F3F478 /* Recipest.app */,
			);
			name = Products;
			sourceTree = "<group>";
		};
		9E87A37628BBB0A200F3F478 /* Recipest */ = {
			isa = PBXGroup;
			children = (
				9E87A39428BBB24900F3F478 /* App */,
				9E87A38E28BBB0EC00F3F478 /* Model */,
				9E87A38B28BBB0C700F3F478 /* Controllers */,
				9E87A38F28BBB10600F3F478 /* Storyboards */,
				9E87A39228BBB1E400F3F478 /* Services */,
				9E87A39328BBB22C00F3F478 /* Resources */,
			);
			path = Recipest;
			sourceTree = "<group>";
		};
		9E87A38B28BBB0C700F3F478 /* Controllers */ = {
			isa = PBXGroup;
			children = (
				9E87A39A28BBD97200F3F478 /* AuthorViewController.swift */,
				9E87A37B28BBB0A200F3F478 /* GreetingViewController.swift */,
				9E87A39C28BBD9B500F3F478 /* TabBarViewController.swift */,
				9E87A3A028BBDA4900F3F478 /* CategoriesTableViewController.swift */,
				9E87A3A228BBDA8600F3F478 /* RecipesTableViewController.swift */,
				9E87A3A428BBE35F00F3F478 /* RecipeViewController.swift */,
			);
			path = Controllers;
			sourceTree = "<group>";
		};
		9E87A38E28BBB0EC00F3F478 /* Model */ = {
			isa = PBXGroup;
			children = (
				9E87A38C28BBB0E700F3F478 /* Recipe.swift */,
				9E87A3A628BC973600F3F478 /* Author.swift */,
			);
			path = Model;
			sourceTree = "<group>";
		};
		9E87A38F28BBB10600F3F478 /* Storyboards */ = {
			isa = PBXGroup;
			children = (
				9E87A38228BBB0A300F3F478 /* LaunchScreen.storyboard */,
				9E87A37D28BBB0A200F3F478 /* Main.storyboard */,
			);
			path = Storyboards;
			sourceTree = "<group>";
		};
		9E87A39228BBB1E400F3F478 /* Services */ = {
			isa = PBXGroup;
			children = (
				9E87A39028BBB1CB00F3F478 /* Data Manager.swift */,
				9E87A3A828BC993900F3F478 /* K.swift */,
			);
			path = Services;
			sourceTree = "<group>";
		};
		9E87A39328BBB22C00F3F478 /* Resources */ = {
			isa = PBXGroup;
			children = (
				9E87A39628BBC08300F3F478 /* OrelegaOne-Regular.ttf */,
				9E87A38028BBB0A300F3F478 /* Assets.xcassets */,
			);
			path = Resources;
			sourceTree = "<group>";
		};
		9E87A39428BBB24900F3F478 /* App */ = {
			isa = PBXGroup;
			children = (
				9E87A37728BBB0A200F3F478 /* AppDelegate.swift */,
				9E87A37928BBB0A200F3F478 /* SceneDelegate.swift */,
				9E87A38528BBB0A300F3F478 /* Info.plist */,
			);
			path = App;
			sourceTree = "<group>";
		};
/* End PBXGroup section */

/* Begin PBXNativeTarget section */
		9E87A37328BBB0A200F3F478 /* Recipest */ = {
			isa = PBXNativeTarget;
			buildConfigurationList = 9E87A38828BBB0A300F3F478 /* Build configuration list for PBXNativeTarget "Recipest" */;
			buildPhases = (
				9E87A37028BBB0A200F3F478 /* Sources */,
				9E87A37128BBB0A200F3F478 /* Frameworks */,
				9E87A37228BBB0A200F3F478 /* Resources */,
			);
			buildRules = (
			);
			dependencies = (
			);
			name = Recipest;
			productName = Recipest;
			productReference = 9E87A37428BBB0A200F3F478 /* Recipest.app */;
			productType = "com.apple.product-type.application";
		};
/* End PBXNativeTarget section */

/* Begin PBXProject section */
		9E87A36C28BBB0A200F3F478 /* Project object */ = {
			isa = PBXProject;
			attributes = {
				BuildIndependentTargetsInParallel = 1;
				LastSwiftUpdateCheck = 1340;
				LastUpgradeCheck = 1340;
				TargetAttributes = {
					9E87A37328BBB0A200F3F478 = {
						CreatedOnToolsVersion = 13.4.1;
					};
				};
			};
			buildConfigurationList = 9E87A36F28BBB0A200F3F478 /* Build configuration list for PBXProject "Recipest" */;
			compatibilityVersion = "Xcode 13.0";
			developmentRegion = en;
			hasScannedForEncodings = 0;
			knownRegions = (
				en,
				Base,
			);
			mainGroup = 9E87A36B28BBB0A100F3F478;
			productRefGroup = 9E87A37528BBB0A200F3F478 /* Products */;
			projectDirPath = "";
			projectRoot = "";
			targets = (
				9E87A37328BBB0A200F3F478 /* Recipest */,
			);
		};
/* End PBXProject section */

/* Begin PBXResourcesBuildPhase section */
		9E87A37228BBB0A200F3F478 /* Resources */ = {
			isa = PBXResourcesBuildPhase;
			buildActionMask = 2147483647;
			files = (
				9E87A39528BBB61F00F3F478 /* Assets.xcassets in Resources */,
				9E87A38428BBB0A300F3F478 /* LaunchScreen.storyboard in Resources */,
				9E87A39728BBC08300F3F478 /* OrelegaOne-Regular.ttf in Resources */,
				9E87A37F28BBB0A200F3F478 /* Main.storyboard in Resources */,
			);
			runOnlyForDeploymentPostprocessing = 0;
		};
/* End PBXResourcesBuildPhase section */

/* Begin PBXSourcesBuildPhase section */
		9E87A37028BBB0A200F3F478 /* Sources */ = {
			isa = PBXSourcesBuildPhase;
			buildActionMask = 2147483647;
			files = (
				9E87A37C28BBB0A200F3F478 /* GreetingViewController.swift in Sources */,
				9E87A39128BBB1CB00F3F478 /* Data Manager.swift in Sources */,
				9E87A37828BBB0A200F3F478 /* AppDelegate.swift in Sources */,
				9E87A3A128BBDA4900F3F478 /* CategoriesTableViewController.swift in Sources */,
				9E87A3A528BBE35F00F3F478 /* RecipeViewController.swift in Sources */,
				9E87A3A328BBDA8600F3F478 /* RecipesTableViewController.swift in Sources */,
				9E87A39B28BBD97200F3F478 /* AuthorViewController.swift in Sources */,
				9E87A3A728BC973600F3F478 /* Author.swift in Sources */,
				9E87A39D28BBD9B500F3F478 /* TabBarViewController.swift in Sources */,
				9E87A3A928BC993900F3F478 /* K.swift in Sources */,
				9E87A37A28BBB0A200F3F478 /* SceneDelegate.swift in Sources */,
				9E87A38D28BBB0E700F3F478 /* Recipe.swift in Sources */,
			);
			runOnlyForDeploymentPostprocessing = 0;
		};
/* End PBXSourcesBuildPhase section */

/* Begin PBXVariantGroup section */
		9E87A37D28BBB0A200F3F478 /* Main.storyboard */ = {
			isa = PBXVariantGroup;
			children = (
				9E87A37E28BBB0A200F3F478 /* Base */,
			);
			name = Main.storyboard;
			sourceTree = "<group>";
		};
		9E87A38228BBB0A300F3F478 /* LaunchScreen.storyboard */ = {
			isa = PBXVariantGroup;
			children = (
				9E87A38328BBB0A300F3F478 /* Base */,
			);
			name = LaunchScreen.storyboard;
			sourceTree = "<group>";
		};
/* End PBXVariantGroup section */

/* Begin XCBuildConfiguration section */
		9E87A38628BBB0A300F3F478 /* Debug */ = {
			isa = XCBuildConfiguration;
			buildSettings = {
				ALWAYS_SEARCH_USER_PATHS = NO;
				CLANG_ANALYZER_NONNULL = YES;
				CLANG_ANALYZER_NUMBER_OBJECT_CONVERSION = YES_AGGRESSIVE;
				CLANG_CXX_LANGUAGE_STANDARD = "gnu++17";
				CLANG_ENABLE_MODULES = YES;
				CLANG_ENABLE_OBJC_ARC = YES;
				CLANG_ENABLE_OBJC_WEAK = YES;
				CLANG_WARN_BLOCK_CAPTURE_AUTORELEASING = YES;
				CLANG_WARN_BOOL_CONVERSION = YES;
				CLANG_WARN_COMMA = YES;
				CLANG_WARN_CONSTANT_CONVERSION = YES;
				CLANG_WARN_DEPRECATED_OBJC_IMPLEMENTATIONS = YES;
				CLANG_WARN_DIRECT_OBJC_ISA_USAGE = YES_ERROR;
				CLANG_WARN_DOCUMENTATION_COMMENTS = YES;
				CLANG_WARN_EMPTY_BODY = YES;
				CLANG_WARN_ENUM_CONVERSION = YES;
				CLANG_WARN_INFINITE_RECURSION = YES;
				CLANG_WARN_INT_CONVERSION = YES;
				CLANG_WARN_NON_LITERAL_NULL_CONVERSION = YES;
				CLANG_WARN_OBJC_IMPLICIT_RETAIN_SELF = YES;
				CLANG_WARN_OBJC_LITERAL_CONVERSION = YES;
				CLANG_WARN_OBJC_ROOT_CLASS = YES_ERROR;
				CLANG_WARN_QUOTED_INCLUDE_IN_FRAMEWORK_HEADER = YES;
				CLANG_WARN_RANGE_LOOP_ANALYSIS = YES;
				CLANG_WARN_STRICT_PROTOTYPES = YES;
				CLANG_WARN_SUSPICIOUS_MOVE = YES;
				CLANG_WARN_UNGUARDED_AVAILABILITY = YES_AGGRESSIVE;
				CLANG_WARN_UNREACHABLE_CODE = YES;
				CLANG_WARN__DUPLICATE_METHOD_MATCH = YES;
				COPY_PHASE_STRIP = NO;
				DEBUG_INFORMATION_FORMAT = dwarf;
				ENABLE_STRICT_OBJC_MSGSEND = YES;
				ENABLE_TESTABILITY = YES;
				GCC_C_LANGUAGE_STANDARD = gnu11;
				GCC_DYNAMIC_NO_PIC = NO;
				GCC_NO_COMMON_BLOCKS = YES;
				GCC_OPTIMIZATION_LEVEL = 0;
				GCC_PREPROCESSOR_DEFINITIONS = (
					"DEBUG=1",
					"$(inherited)",
				);
				GCC_WARN_64_TO_32_BIT_CONVERSION = YES;
				GCC_WARN_ABOUT_RETURN_TYPE = YES_ERROR;
				GCC_WARN_UNDECLARED_SELECTOR = YES;
				GCC_WARN_UNINITIALIZED_AUTOS = YES_AGGRESSIVE;
				GCC_WARN_UNUSED_FUNCTION = YES;
				GCC_WARN_UNUSED_VARIABLE = YES;
				IPHONEOS_DEPLOYMENT_TARGET = 15.5;
				MTL_ENABLE_DEBUG_INFO = INCLUDE_SOURCE;
				MTL_FAST_MATH = YES;
				ONLY_ACTIVE_ARCH = YES;
				SDKROOT = iphoneos;
				SWIFT_ACTIVE_COMPILATION_CONDITIONS = DEBUG;
				SWIFT_OPTIMIZATION_LEVEL = "-Onone";
			};
			name = Debug;
		};
		9E87A38728BBB0A300F3F478 /* Release */ = {
			isa = XCBuildConfiguration;
			buildSettings = {
				ALWAYS_SEARCH_USER_PATHS = NO;
				CLANG_ANALYZER_NONNULL = YES;
				CLANG_ANALYZER_NUMBER_OBJECT_CONVERSION = YES_AGGRESSIVE;
				CLANG_CXX_LANGUAGE_STANDARD = "gnu++17";
				CLANG_ENABLE_MODULES = YES;
				CLANG_ENABLE_OBJC_ARC = YES;
				CLANG_ENABLE_OBJC_WEAK = YES;
				CLANG_WARN_BLOCK_CAPTURE_AUTORELEASING = YES;
				CLANG_WARN_BOOL_CONVERSION = YES;
				CLANG_WARN_COMMA = YES;
				CLANG_WARN_CONSTANT_CONVERSION = YES;
				CLANG_WARN_DEPRECATED_OBJC_IMPLEMENTATIONS = YES;
				CLANG_WARN_DIRECT_OBJC_ISA_USAGE = YES_ERROR;
				CLANG_WARN_DOCUMENTATION_COMMENTS = YES;
				CLANG_WARN_EMPTY_BODY = YES;
				CLANG_WARN_ENUM_CONVERSION = YES;
				CLANG_WARN_INFINITE_RECURSION = YES;
				CLANG_WARN_INT_CONVERSION = YES;
				CLANG_WARN_NON_LITERAL_NULL_CONVERSION = YES;
				CLANG_WARN_OBJC_IMPLICIT_RETAIN_SELF = YES;
				CLANG_WARN_OBJC_LITERAL_CONVERSION = YES;
				CLANG_WARN_OBJC_ROOT_CLASS = YES_ERROR;
				CLANG_WARN_QUOTED_INCLUDE_IN_FRAMEWORK_HEADER = YES;
				CLANG_WARN_RANGE_LOOP_ANALYSIS = YES;
				CLANG_WARN_STRICT_PROTOTYPES = YES;
				CLANG_WARN_SUSPICIOUS_MOVE = YES;
				CLANG_WARN_UNGUARDED_AVAILABILITY = YES_AGGRESSIVE;
				CLANG_WARN_UNREACHABLE_CODE = YES;
				CLANG_WARN__DUPLICATE_METHOD_MATCH = YES;
				COPY_PHASE_STRIP = NO;
				DEBUG_INFORMATION_FORMAT = "dwarf-with-dsym";
				ENABLE_NS_ASSERTIONS = NO;
				ENABLE_STRICT_OBJC_MSGSEND = YES;
				GCC_C_LANGUAGE_STANDARD = gnu11;
				GCC_NO_COMMON_BLOCKS = YES;
				GCC_WARN_64_TO_32_BIT_CONVERSION = YES;
				GCC_WARN_ABOUT_RETURN_TYPE = YES_ERROR;
				GCC_WARN_UNDECLARED_SELECTOR = YES;
				GCC_WARN_UNINITIALIZED_AUTOS = YES_AGGRESSIVE;
				GCC_WARN_UNUSED_FUNCTION = YES;
				GCC_WARN_UNUSED_VARIABLE = YES;
				IPHONEOS_DEPLOYMENT_TARGET = 15.5;
				MTL_ENABLE_DEBUG_INFO = NO;
				MTL_FAST_MATH = YES;
				SDKROOT = iphoneos;
				SWIFT_COMPILATION_MODE = wholemodule;
				SWIFT_OPTIMIZATION_LEVEL = "-O";
				VALIDATE_PRODUCT = YES;
			};
			name = Release;
		};
		9E87A38928BBB0A300F3F478 /* Debug */ = {
			isa = XCBuildConfiguration;
			buildSettings = {
				ASSETCATALOG_COMPILER_APPICON_NAME = AppIcon;
				ASSETCATALOG_COMPILER_GLOBAL_ACCENT_COLOR_NAME = AccentColor;
				CODE_SIGN_STYLE = Automatic;
				CURRENT_PROJECT_VERSION = 1;
				DEVELOPMENT_TEAM = 52V9YXPJQB;
				GENERATE_INFOPLIST_FILE = YES;
				INFOPLIST_FILE = Recipest/App/Info.plist;
				INFOPLIST_KEY_CFBundleDisplayName = Recipiest;
				INFOPLIST_KEY_UIApplicationSupportsIndirectInputEvents = YES;
				INFOPLIST_KEY_UILaunchStoryboardName = LaunchScreen;
				INFOPLIST_KEY_UIMainStoryboardFile = Main;
				INFOPLIST_KEY_UISupportedInterfaceOrientations_iPad = "UIInterfaceOrientationPortrait UIInterfaceOrientationPortraitUpsideDown UIInterfaceOrientationLandscapeLeft UIInterfaceOrientationLandscapeRight";
				INFOPLIST_KEY_UISupportedInterfaceOrientations_iPhone = "UIInterfaceOrientationPortrait UIInterfaceOrientationLandscapeLeft UIInterfaceOrientationLandscapeRight";
				LD_RUNPATH_SEARCH_PATHS = (
					"$(inherited)",
					"@executable_path/Frameworks",
				);
				MARKETING_VERSION = 1.0;
				PRODUCT_BUNDLE_IDENTIFIER = prokodan.Recipest;
				PRODUCT_NAME = "$(TARGET_NAME)";
				SWIFT_EMIT_LOC_STRINGS = YES;
				SWIFT_VERSION = 5.0;
				TARGETED_DEVICE_FAMILY = 1;
			};
			name = Debug;
		};
		9E87A38A28BBB0A300F3F478 /* Release */ = {
			isa = XCBuildConfiguration;
			buildSettings = {
				ASSETCATALOG_COMPILER_APPICON_NAME = AppIcon;
				ASSETCATALOG_COMPILER_GLOBAL_ACCENT_COLOR_NAME = AccentColor;
				CODE_SIGN_STYLE = Automatic;
				CURRENT_PROJECT_VERSION = 1;
				DEVELOPMENT_TEAM = 52V9YXPJQB;
				GENERATE_INFOPLIST_FILE = YES;
				INFOPLIST_FILE = Recipest/App/Info.plist;
				INFOPLIST_KEY_CFBundleDisplayName = Recipiest;
				INFOPLIST_KEY_UIApplicationSupportsIndirectInputEvents = YES;
				INFOPLIST_KEY_UILaunchStoryboardName = LaunchScreen;
				INFOPLIST_KEY_UIMainStoryboardFile = Main;
				INFOPLIST_KEY_UISupportedInterfaceOrientations_iPad = "UIInterfaceOrientationPortrait UIInterfaceOrientationPortraitUpsideDown UIInterfaceOrientationLandscapeLeft UIInterfaceOrientationLandscapeRight";
				INFOPLIST_KEY_UISupportedInterfaceOrientations_iPhone = "UIInterfaceOrientationPortrait UIInterfaceOrientationLandscapeLeft UIInterfaceOrientationLandscapeRight";
				LD_RUNPATH_SEARCH_PATHS = (
					"$(inherited)",
					"@executable_path/Frameworks",
				);
				MARKETING_VERSION = 1.0;
				PRODUCT_BUNDLE_IDENTIFIER = prokodan.Recipest;
				PRODUCT_NAME = "$(TARGET_NAME)";
				SWIFT_EMIT_LOC_STRINGS = YES;
				SWIFT_VERSION = 5.0;
				TARGETED_DEVICE_FAMILY = 1;
			};
			name = Release;
		};
/* End XCBuildConfiguration section */

/* Begin XCConfigurationList section */
		9E87A36F28BBB0A200F3F478 /* Build configuration list for PBXProject "Recipest" */ = {
			isa = XCConfigurationList;
			buildConfigurations = (
				9E87A38628BBB0A300F3F478 /* Debug */,
				9E87A38728BBB0A300F3F478 /* Release */,
			);
			defaultConfigurationIsVisible = 0;
			defaultConfigurationName = Release;
		};
		9E87A38828BBB0A300F3F478 /* Build configuration list for PBXNativeTarget "Recipest" */ = {
			isa = XCConfigurationList;
			buildConfigurations = (
				9E87A38928BBB0A300F3F478 /* Debug */,
				9E87A38A28BBB0A300F3F478 /* Release */,
			);
			defaultConfigurationIsVisible = 0;
			defaultConfigurationName = Release;
		};
/* End XCConfigurationList section */
	};
	rootObject = 9E87A36C28BBB0A200F3F478 /* Project object */;
}
